
Microsoft Visual Studio Solution File, Format Version 12.00
# Visual Studio Version 17
VisualStudioVersion = 17.4.33403.182
MinimumVisualStudioVersion = 10.0.40219.1
Project("{FAE04EC0-301F-11D3-BF4B-00C04F79EFBC}") = "MediBot", "MediBot\MediBot.csproj", "{2B61E6D8-39DF-4547-BFB3-6E7CF400120C}"
EndProject
Global
	GlobalSection(SolutionConfigurationPlatforms) = preSolution
		Debug|Any CPU = Debug|Any CPU
		Release|Any CPU = Release|Any CPU
	EndGlobalSection
	GlobalSection(ProjectConfigurationPlatforms) = postSolution
		{2B61E6D8-39DF-4547-BFB3-6E7CF400120C}.Debug|Any CPU.ActiveCfg = Debug|Any CPU
		{2B61E6D8-39DF-4547-BFB3-6E7CF400120C}.Debug|Any CPU.Build.0 = Debug|Any CPU
		{2B61E6D8-39DF-4547-BFB3-6E7CF400120C}.Release|Any CPU.ActiveCfg = Release|Any CPU
		{2B61E6D8-39DF-4547-BFB3-6E7CF400120C}.Release|Any CPU.Build.0 = Release|Any CPU
	EndGlobalSection
	GlobalSection(SolutionProperties) = preSolution
		HideSolutionNode = FALSE
	EndGlobalSection
	GlobalSection(ExtensibilityGlobals) = postSolution
		SolutionGuid = {B12B2A3D-FC9F-41D0-BA7E-CC3711F25680}
	EndGlobalSection
EndGlobal
